
Microsoft Visual Studio Solution File, Format Version 12.00
# Visual Studio Version 16
VisualStudioVersion = 16.0.32510.428
MinimumVisualStudioVersion = 10.0.40219.1
Project("{9A19103F-16F7-4668-BE54-9A1E7A4F7556}") = "ULTIMATE API", "ULTIMATE API\ULTIMATE API.csproj", "{881E705F-8D0B-46B7-8648-50686B9AA9E4}"
EndProject
Project("{FAE04EC0-301F-11D3-BF4B-00C04F79EFBC}") = "contracts", "contracts\contracts.csproj", "{6E032A10-7DB1-47FE-B57D-AA0F442ED814}"
EndProject
Global
	GlobalSection(SolutionConfigurationPlatforms) = preSolution
		Debug|Any CPU = Debug|Any CPU
		Release|Any CPU = Release|Any CPU
	EndGlobalSection
	GlobalSection(ProjectConfigurationPlatforms) = postSolution
		{881E705F-8D0B-46B7-8648-50686B9AA9E4}.Debug|Any CPU.ActiveCfg = Debug|Any CPU
		{881E705F-8D0B-46B7-8648-50686B9AA9E4}.Debug|Any CPU.Build.0 = Debug|Any CPU
		{881E705F-8D0B-46B7-8648-50686B9AA9E4}.Release|Any CPU.ActiveCfg = Release|Any CPU
		{881E705F-8D0B-46B7-8648-50686B9AA9E4}.Release|Any CPU.Build.0 = Release|Any CPU
		{6E032A10-7DB1-47FE-B57D-AA0F442ED814}.Debug|Any CPU.ActiveCfg = Debug|Any CPU
		{6E032A10-7DB1-47FE-B57D-AA0F442ED814}.Debug|Any CPU.Build.0 = Debug|Any CPU
		{6E032A10-7DB1-47FE-B57D-AA0F442ED814}.Release|Any CPU.ActiveCfg = Release|Any CPU
		{6E032A10-7DB1-47FE-B57D-AA0F442ED814}.Release|Any CPU.Build.0 = Release|Any CPU
	EndGlobalSection
	GlobalSection(SolutionProperties) = preSolution
		HideSolutionNode = FALSE
	EndGlobalSection
	GlobalSection(ExtensibilityGlobals) = postSolution
		SolutionGuid = {65B71FC0-ECD9-4F44-9447-295390FE55FB}
	EndGlobalSection
EndGlobal
